# This file is automatically @generated by Poetry 1.5.5 and should not be changed by hand.

[[package]]
name = "korean-lunar-calendar"
version = "0.3.1"
description = "Korean Lunar Calendar"
optional = false
python-versions = "*"
files = [
    {file = "korean_lunar_calendar-0.3.1-py3-none-any.whl", hash = "sha256:392757135c492c4f42a604e6038042953c35c6f449dda5f27e3f86a7f9c943e5"},
    {file = "korean_lunar_calendar-0.3.1.tar.gz", hash = "sha256:eb2c485124a061016926bdea6d89efdf9b9fdbf16db55895b6cf1e5bec17b857"},
]

[metadata]
lock-version = "2.0"
python-versions = ">=3.8.0,<3.9"
content-hash = "105906e13f17da9d2a7ad3c2f3e6901c70fea7cc063a0fc7d0ec826b7d9317e5"
